github.com/getlantern/context v0.0.0-20220418194847-3f35de4b1f1d h1:e9HEVZZKrEqG21VQvjCFEpJfKOjFMT0FCstmb4gfkbE=
github.com/getlantern/context v0.0.0-20220418194847-3f35de4b1f1d/go.mod h1:JTBsM5n+aadXbfVf9YWCK/j3MVNM6vJ53YnNyTECFAc=
github.com/getlantern/errors v1.0.3 h1:P6Jv7GYBLJ/4v1gmQGU3gpHAuOVsBkHG3MRFdGAZlNY=
github.com/getlantern/errors v1.0.3/go.mod h1:F9ULHJ3+laBEfgEsL4pjPx4sGj2hNMlRaqp38Cjkf/8=
github.com/getlantern/golog v0.0.0-20230503153817-8e72de7e0a65 h1:a1HbHBnqBQPSFjE14+YZFT23UBHEz7kqiQ0XCoMEsKE=
github.com/getlantern/golog v0.0.0-20230503153817-8e72de7e0a65/go.mod h1:GeAxPFPBsNE9lCouMHVlQFbTFdBCeGKnInSCHoJiIiA=
github.com/getlantern/hex v0.0.0-20220831173847-f51fc36e76f9 h1:RZaQx2E8m9lmcnXiUJHMHJzaHBbUZnNjEEpJSMYOIHE=
github.com/getlantern/hex v0.0.0-20220831173847-f51fc36e76f9/go.mod h1:HlSMjNJxZXx3pGhEJU7vSXbUGTfMpqPCchTmOSS8m7s=
github.com/getlantern/hidden v0.0.0-20220831173823-3be33d8cec16 h1:gDfgP+vbLfhAe3m4R7vKQepBMFYLqBWpXqiIpVPPqRg=
github.com/getlantern/hidden v0.0.0-20220831173823-3be33d8cec16/go.mod h1:3nRVCxfaQS+1S0RiCR4iOVQMJFRLDKLJUEW9b4DPVcI=
github.com/getlantern/ops v0.0.0-20231025133620-f368ab734534 h1:PiI2skE7f6dGVP+3JRc6BH99M/tHJvE0XJPG7Z1dDaM=
github.com/getlantern/ops v0.0.0-20231025133620-f368ab734534/go.mod h1:D5WnkCEXmxKlMSqFWKzGe+WDU9PdGf7FfVy4T+qvgRs=
github.com/getlantern/systray v1.2.2 h1:M5x1HYKdQW2gxI3BSLqVw5x3IMTQF5AZ1MtFJKfKoMk=
github.com/getlantern/systray v1.2.2/go.mod h1:X9UNvmMb1fF+2BO+/I9Rp/G4LgizZJfQV1Ml0rJVCMY=
github.com/go-stack/stack v1.8.1 h1:ntEHSVwIt7PNXNpgPmVfMrNhLtgjlmnZha2kOpuRiDw=
github.com/go-stack/stack v1.8.1/go.mod h1:dcoOX6HbPZSZptuspn9bctJ+N/CnF5gGygcUP3XYfe4=
github.com/oxtoacart/bpool v0.0.0-20190530202638-03653db5a59c h1:rp5dCmg/yLR3mgFusobQqrBsGdcRKpfeC1BkiKhqZE4=
github.com/oxtoacart/bpool v0.0.0-20190530202638-03653db5a59c/go.mod h1:X07ZCGwUbLaax7L0S3Tw4hpejzu63ZrrQiUe6W0hcy0=
github.com/tevino/abool v1.2.0 h1:heAkClL8H6w+mK5md9dzsuohKeXHUpY7BfTyS/EsEgY=
github.com/tevino/abool v1.2.0/go.mod h1:qc58nL3TCR2sfbhxrp4BSPDDnkUBDN/D0ZYeFlgvb+c=
golang.org/x/sys v0.18.0 h1:DbcUaD+m9rBehtFBRiCEBFNAaIpKqhVnBo1zqDNYiJ0=
golang.org/x/sys v0.18.0/go.mod h1:/VUhepiaJMbufDG0p/M8Oj9MgONjDGfHbIqMQ/Y3F4Q=
